// !$*UTF8*$!
{
	archiveVersion = 1;
	classes = {
	};
	objectVersion = 56;
	objects = {

/* Begin PBXBuildFile section */
		A35FF8F9E76C43CABFB206CC /* MenuBarCalendarApp.swift in Sources */ = {isa = PBXBuildFile; fileRef = 225695A75D1647D2B26DC700 /* MenuBarCalendarApp.swift */; };
		864EC268553F4DDA9FAA717F /* AppTheme.swift in Sources */ = {isa = PBXBuildFile; fileRef = 8367E96F6532467CABBEA8D8 /* AppTheme.swift */; };
		2B869D88534C4120B25ACD2B /* SystemSettingsStyle.swift in Sources */ = {isa = PBXBuildFile; fileRef = 203600420FFD41038E81750C /* SystemSettingsStyle.swift */; };
		53FBD92310284FA5801A1554 /* UserSettings.swift in Sources */ = {isa = PBXBuildFile; fileRef = 76EB4BE6423E4419857E2761 /* UserSettings.swift */; };
		EFFC1600209243CBA23811F7 /* CalendarModels.swift in Sources */ = {isa = PBXBuildFile; fileRef = DBABDCFFCCDF4A898492E8AE /* CalendarModels.swift */; };
		9BBC64D1D2134E9188CA6EFE /* CalendarEngine.swift in Sources */ = {isa = PBXBuildFile; fileRef = F6E6389AD5894BCFB91EFE97 /* CalendarEngine.swift */; };
		4C010D5D81B44730B8DD8B06 /* ClockService.swift in Sources */ = {isa = PBXBuildFile; fileRef = 702F012955354CDD9C39F127 /* ClockService.swift */; };
		FA0571FFEDC1403893187367 /* LunarCalendarEngine.swift in Sources */ = {isa = PBXBuildFile; fileRef = B221760DE46545DB964FCA3E /* LunarCalendarEngine.swift */; };
		729AEFE2B58344999EDC9904 /* MenuBarFormatter.swift in Sources */ = {isa = PBXBuildFile; fileRef = FE08A87DF9334A20A4CB6274 /* MenuBarFormatter.swift */; };
		21302CD372B747ECA8BA9410 /* SettingsPresenter.swift in Sources */ = {isa = PBXBuildFile; fileRef = 3D847B5A24274B9CACB18407 /* SettingsPresenter.swift */; };
		49F6DD8A53A1472FB339B4FE /* VoiceAnnouncementService.swift in Sources */ = {isa = PBXBuildFile; fileRef = 1EAFD7672CCE416BBDAD19F6 /* VoiceAnnouncementService.swift */; };
		630AED18ACC84AE692EBAE43 /* SettingsView.swift in Sources */ = {isa = PBXBuildFile; fileRef = A5F4834678DB45DA93E237A0 /* SettingsView.swift */; };
		349F03BCBC8C4646BE8C33C7 /* CalendarPanelView.swift in Sources */ = {isa = PBXBuildFile; fileRef = 74A0FDF2B2184CBBAD218D12 /* CalendarPanelView.swift */; };
		897485AA08F141B4AE45D5F2 /* CalendarPanelViewModel.swift in Sources */ = {isa = PBXBuildFile; fileRef = C6C348503494481E9FB7D58C /* CalendarPanelViewModel.swift */; };
		BC377A6EE007400CA0AB95F6 /* LeftPanelView.swift in Sources */ = {isa = PBXBuildFile; fileRef = A422ACE0BB104779BF62EED1 /* LeftPanelView.swift */; };
		445EAFB2B9C64F3D87D29E0B /* MonthGridView.swift in Sources */ = {isa = PBXBuildFile; fileRef = 4D09EE8EC9864DF4951E706D /* MonthGridView.swift */; };
		BBE28FF843714DC0B5FB0174 /* MenuBarLabelView.swift in Sources */ = {isa = PBXBuildFile; fileRef = 8D02A4EEB574421AA5EF4E31 /* MenuBarLabelView.swift */; };
		9E98C2D9352B435CBB29A4A6 /* LunarCalendarEngineTests.swift in Sources */ = {isa = PBXBuildFile; fileRef = A32F353A876445B5A28C2B19 /* LunarCalendarEngineTests.swift */; };
		BCB1CCCFBB3A48ABB7797BA9 /* Assets.xcassets in Resources */ = {isa = PBXBuildFile; fileRef = E70CA65B5BA34598A6CA4247 /* Assets.xcassets */; };
/* End PBXBuildFile section */

/* Begin PBXContainerItemProxy section */
		5AAC9FE7B4944B59A691C0AE /* PBXContainerItemProxy */ = {
			isa = PBXContainerItemProxy;
			containerPortal = 0B0EEA1D1D5A40918B652124 /* Project object */;
			proxyType = 1;
			remoteGlobalIDString = C3D7400F398D449C9FDF0F6D;
			remoteInfo = MenuBarCalendar;
		};
/* End PBXContainerItemProxy section */

/* Begin PBXFileReference section */
		5E2EF8C6151342DDA51D9838 /* MenuBarCalendar.app */ = {isa = PBXFileReference; explicitFileType = wrapper.application; includeInIndex = 0; path = MenuBarCalendar.app; sourceTree = BUILT_PRODUCTS_DIR; };
		ED7394F4DF0F48A28C54950C /* MenuBarCalendarTests.xctest */ = {isa = PBXFileReference; explicitFileType = wrapper.cfbundle; includeInIndex = 0; path = MenuBarCalendarTests.xctest; sourceTree = BUILT_PRODUCTS_DIR; };
		E70CA65B5BA34598A6CA4247 /* Assets.xcassets */ = {isa = PBXFileReference; lastKnownFileType = folder.assetcatalog; path = Assets.xcassets; sourceTree = "<group>"; };
		49158581131F41749C258C2F /* Info.plist */ = {isa = PBXFileReference; lastKnownFileType = text.plist.xml; path = Info.plist; sourceTree = "<group>"; };
		225695A75D1647D2B26DC700 /* MenuBarCalendarApp.swift */ = {isa = PBXFileReference; lastKnownFileType = sourcecode.swift; path = MenuBarCalendarApp.swift; sourceTree = "<group>"; };
		8367E96F6532467CABBEA8D8 /* AppTheme.swift */ = {isa = PBXFileReference; lastKnownFileType = sourcecode.swift; path = UI/Components/AppTheme.swift; sourceTree = "<group>"; };
		203600420FFD41038E81750C /* SystemSettingsStyle.swift */ = {isa = PBXFileReference; lastKnownFileType = sourcecode.swift; path = UI/Components/SystemSettingsStyle.swift; sourceTree = "<group>"; };
		76EB4BE6423E4419857E2761 /* UserSettings.swift */ = {isa = PBXFileReference; lastKnownFileType = sourcecode.swift; path = Core/Settings/UserSettings.swift; sourceTree = "<group>"; };
		DBABDCFFCCDF4A898492E8AE /* CalendarModels.swift */ = {isa = PBXFileReference; lastKnownFileType = sourcecode.swift; path = Core/Models/CalendarModels.swift; sourceTree = "<group>"; };
		F6E6389AD5894BCFB91EFE97 /* CalendarEngine.swift */ = {isa = PBXFileReference; lastKnownFileType = sourcecode.swift; path = Core/Services/CalendarEngine.swift; sourceTree = "<group>"; };
		702F012955354CDD9C39F127 /* ClockService.swift */ = {isa = PBXFileReference; lastKnownFileType = sourcecode.swift; path = Core/Services/ClockService.swift; sourceTree = "<group>"; };
		B221760DE46545DB964FCA3E /* LunarCalendarEngine.swift */ = {isa = PBXFileReference; lastKnownFileType = sourcecode.swift; path = Core/Services/LunarCalendarEngine.swift; sourceTree = "<group>"; };
		FE08A87DF9334A20A4CB6274 /* MenuBarFormatter.swift */ = {isa = PBXFileReference; lastKnownFileType = sourcecode.swift; path = Core/Services/MenuBarFormatter.swift; sourceTree = "<group>"; };
		3D847B5A24274B9CACB18407 /* SettingsPresenter.swift */ = {isa = PBXFileReference; lastKnownFileType = sourcecode.swift; path = Core/Services/SettingsPresenter.swift; sourceTree = "<group>"; };
		1EAFD7672CCE416BBDAD19F6 /* VoiceAnnouncementService.swift */ = {isa = PBXFileReference; lastKnownFileType = sourcecode.swift; path = Core/Services/VoiceAnnouncementService.swift; sourceTree = "<group>"; };
		A5F4834678DB45DA93E237A0 /* SettingsView.swift */ = {isa = PBXFileReference; lastKnownFileType = sourcecode.swift; path = Features/Settings/SettingsView.swift; sourceTree = "<group>"; };
		74A0FDF2B2184CBBAD218D12 /* CalendarPanelView.swift */ = {isa = PBXFileReference; lastKnownFileType = sourcecode.swift; path = Features/CalendarPanel/CalendarPanelView.swift; sourceTree = "<group>"; };
		C6C348503494481E9FB7D58C /* CalendarPanelViewModel.swift */ = {isa = PBXFileReference; lastKnownFileType = sourcecode.swift; path = Features/CalendarPanel/CalendarPanelViewModel.swift; sourceTree = "<group>"; };
		A422ACE0BB104779BF62EED1 /* LeftPanelView.swift */ = {isa = PBXFileReference; lastKnownFileType = sourcecode.swift; path = Features/CalendarPanel/LeftPanelView.swift; sourceTree = "<group>"; };
		4D09EE8EC9864DF4951E706D /* MonthGridView.swift */ = {isa = PBXFileReference; lastKnownFileType = sourcecode.swift; path = Features/CalendarPanel/MonthGridView.swift; sourceTree = "<group>"; };
		8D02A4EEB574421AA5EF4E31 /* MenuBarLabelView.swift */ = {isa = PBXFileReference; lastKnownFileType = sourcecode.swift; path = Features/MenuBar/MenuBarLabelView.swift; sourceTree = "<group>"; };
		A32F353A876445B5A28C2B19 /* LunarCalendarEngineTests.swift */ = {isa = PBXFileReference; lastKnownFileType = sourcecode.swift; path = LunarCalendarEngineTests.swift; sourceTree = "<group>"; };
/* End PBXFileReference section */

/* Begin PBXFrameworksBuildPhase section */
		00FBBC8DD799400194B3524B /* Frameworks */ = {
			isa = PBXFrameworksBuildPhase;
			buildActionMask = 2147483647;
			files = (
			);
			runOnlyForDeploymentPostprocessing = 0;
		};
		5494E03B77E64FF7B542C330 /* Frameworks */ = {
			isa = PBXFrameworksBuildPhase;
			buildActionMask = 2147483647;
			files = (
			);
			runOnlyForDeploymentPostprocessing = 0;
		};
/* End PBXFrameworksBuildPhase section */

/* Begin PBXGroup section */
		7263B9EF820A4495A9F7C76E = {
			isa = PBXGroup;
			children = (
				E70CA65B5BA34598A6CA4247 /* Assets.xcassets */,
				49158581131F41749C258C2F /* Info.plist */,
				DBABDCFFCCDF4A898492E8AE /* CalendarModels.swift */,
				F6E6389AD5894BCFB91EFE97 /* CalendarEngine.swift */,
				702F012955354CDD9C39F127 /* ClockService.swift */,
				B221760DE46545DB964FCA3E /* LunarCalendarEngine.swift */,
				FE08A87DF9334A20A4CB6274 /* MenuBarFormatter.swift */,
				3D847B5A24274B9CACB18407 /* SettingsPresenter.swift */,
				1EAFD7672CCE416BBDAD19F6 /* VoiceAnnouncementService.swift */,
				76EB4BE6423E4419857E2761 /* UserSettings.swift */,
				74A0FDF2B2184CBBAD218D12 /* CalendarPanelView.swift */,
				C6C348503494481E9FB7D58C /* CalendarPanelViewModel.swift */,
				A422ACE0BB104779BF62EED1 /* LeftPanelView.swift */,
				4D09EE8EC9864DF4951E706D /* MonthGridView.swift */,
				8D02A4EEB574421AA5EF4E31 /* MenuBarLabelView.swift */,
				A5F4834678DB45DA93E237A0 /* SettingsView.swift */,
				225695A75D1647D2B26DC700 /* MenuBarCalendarApp.swift */,
				8367E96F6532467CABBEA8D8 /* AppTheme.swift */,
				203600420FFD41038E81750C /* SystemSettingsStyle.swift */,
			);
			path = MenuBarCalendar;
			name = MenuBarCalendar;
			sourceTree = "<group>";
		};
		69918BBD1D6F453AB5490C5D = {
			isa = PBXGroup;
			children = (
				A32F353A876445B5A28C2B19 /* LunarCalendarEngineTests.swift */,
			);
			path = MenuBarCalendarTests;
			name = MenuBarCalendarTests;
			sourceTree = "<group>";
		};
		292C8CEB16E04D16ABF6CD89 = {
			isa = PBXGroup;
			children = (
				5E2EF8C6151342DDA51D9838 /* MenuBarCalendar.app */,
				ED7394F4DF0F48A28C54950C /* MenuBarCalendarTests.xctest */,
			);
			name = Products;
			sourceTree = "<group>";
		};
		979EA8A9051440BC9380CC2F = {
			isa = PBXGroup;
			children = (
				7263B9EF820A4495A9F7C76E /* MenuBarCalendar */,
				69918BBD1D6F453AB5490C5D /* MenuBarCalendarTests */,
				292C8CEB16E04D16ABF6CD89 /* Products */,
			);
			sourceTree = "<group>";
		};
/* End PBXGroup section */

/* Begin PBXNativeTarget section */
		C3D7400F398D449C9FDF0F6D /* MenuBarCalendar */ = {
			isa = PBXNativeTarget;
			buildConfigurationList = B886BF0B161B49329634509B /* Build configuration list for PBXNativeTarget "MenuBarCalendar" */;
			buildPhases = (
				F7C5BB682A18442487893B45 /* Sources */,
				00FBBC8DD799400194B3524B /* Frameworks */,
				4E95F6ED1C884492B661DC89 /* Resources */,
			);
			buildRules = (
			);
			dependencies = (
			);
			name = MenuBarCalendar;
			productName = MenuBarCalendar;
			productReference = 5E2EF8C6151342DDA51D9838 /* MenuBarCalendar.app */;
			productType = "com.apple.product-type.application";
		};
		BE8F3194D668473DB81EFFC2 /* MenuBarCalendarTests */ = {
			isa = PBXNativeTarget;
			buildConfigurationList = C845CDFB142047F795E9F3BB /* Build configuration list for PBXNativeTarget "MenuBarCalendarTests" */;
			buildPhases = (
				E6EC7FF3CD474B0C8A409F9B /* Sources */,
				5494E03B77E64FF7B542C330 /* Frameworks */,
			);
			buildRules = (
			);
			dependencies = (
				B197CACE54C440FE80E38116 /* PBXTargetDependency */,
			);
			name = MenuBarCalendarTests;
			productName = MenuBarCalendarTests;
			productReference = ED7394F4DF0F48A28C54950C /* MenuBarCalendarTests.xctest */;
			productType = "com.apple.product-type.bundle.unit-test";
		};
/* End PBXNativeTarget section */

/* Begin PBXProject section */
		0B0EEA1D1D5A40918B652124 /* Project object */ = {
			isa = PBXProject;
			attributes = {
				BuildIndependentTargetsInParallel = 1;
				LastSwiftUpdateCheck = 1640;
				LastUpgradeCheck = 1640;
				TargetAttributes = {
					C3D7400F398D449C9FDF0F6D = {
						CreatedOnToolsVersion = 16.4;
					};
					BE8F3194D668473DB81EFFC2 = {
						CreatedOnToolsVersion = 16.4;
						TestTargetID = C3D7400F398D449C9FDF0F6D;
					};
				};
			};
			buildConfigurationList = 017D3199D2A149F5946EC803 /* Build configuration list for PBXProject "MenuBarCalendar" */;
			compatibilityVersion = "Xcode 14.0";
			developmentRegion = "zh-Hans";
			hasScannedForEncodings = 0;
			knownRegions = (
				en,
				"zh-Hans",
				Base,
			);
			mainGroup = 979EA8A9051440BC9380CC2F;
			productRefGroup = 292C8CEB16E04D16ABF6CD89 /* Products */;
			projectDirPath = "";
			projectRoot = "";
			targets = (
				C3D7400F398D449C9FDF0F6D /* MenuBarCalendar */,
				BE8F3194D668473DB81EFFC2 /* MenuBarCalendarTests */,
			);
		};
/* End PBXProject section */

/* Begin PBXResourcesBuildPhase section */
		4E95F6ED1C884492B661DC89 /* Resources */ = {
			isa = PBXResourcesBuildPhase;
			buildActionMask = 2147483647;
			files = (
				BCB1CCCFBB3A48ABB7797BA9 /* Assets.xcassets in Resources */,
			);
			runOnlyForDeploymentPostprocessing = 0;
		};
/* End PBXResourcesBuildPhase section */

/* Begin PBXSourcesBuildPhase section */
		F7C5BB682A18442487893B45 /* Sources */ = {
			isa = PBXSourcesBuildPhase;
			buildActionMask = 2147483647;
			files = (
				A35FF8F9E76C43CABFB206CC /* MenuBarCalendarApp.swift in Sources */,
				864EC268553F4DDA9FAA717F /* AppTheme.swift in Sources */,
				2B869D88534C4120B25ACD2B /* SystemSettingsStyle.swift in Sources */,
				53FBD92310284FA5801A1554 /* UserSettings.swift in Sources */,
				EFFC1600209243CBA23811F7 /* CalendarModels.swift in Sources */,
				9BBC64D1D2134E9188CA6EFE /* CalendarEngine.swift in Sources */,
				4C010D5D81B44730B8DD8B06 /* ClockService.swift in Sources */,
				FA0571FFEDC1403893187367 /* LunarCalendarEngine.swift in Sources */,
				729AEFE2B58344999EDC9904 /* MenuBarFormatter.swift in Sources */,
				21302CD372B747ECA8BA9410 /* SettingsPresenter.swift in Sources */,
				49F6DD8A53A1472FB339B4FE /* VoiceAnnouncementService.swift in Sources */,
				630AED18ACC84AE692EBAE43 /* SettingsView.swift in Sources */,
				349F03BCBC8C4646BE8C33C7 /* CalendarPanelView.swift in Sources */,
				897485AA08F141B4AE45D5F2 /* CalendarPanelViewModel.swift in Sources */,
				BC377A6EE007400CA0AB95F6 /* LeftPanelView.swift in Sources */,
				445EAFB2B9C64F3D87D29E0B /* MonthGridView.swift in Sources */,
				BBE28FF843714DC0B5FB0174 /* MenuBarLabelView.swift in Sources */,
			);
			runOnlyForDeploymentPostprocessing = 0;
		};
		E6EC7FF3CD474B0C8A409F9B /* Sources */ = {
			isa = PBXSourcesBuildPhase;
			buildActionMask = 2147483647;
			files = (
				9E98C2D9352B435CBB29A4A6 /* LunarCalendarEngineTests.swift in Sources */,
			);
			runOnlyForDeploymentPostprocessing = 0;
		};
/* End PBXSourcesBuildPhase section */

/* Begin PBXTargetDependency section */
		B197CACE54C440FE80E38116 /* PBXTargetDependency */ = {
			isa = PBXTargetDependency;
			target = C3D7400F398D449C9FDF0F6D /* MenuBarCalendar */;
			targetProxy = 5AAC9FE7B4944B59A691C0AE /* PBXContainerItemProxy */;
		};
/* End PBXTargetDependency section */

/* Begin XCBuildConfiguration section */
		CC32E8A988414FE3A3E7BED6 /* Debug */ = {
			isa = XCBuildConfiguration;
			buildSettings = {
				ALWAYS_SEARCH_USER_PATHS = "NO";
				CLANG_ENABLE_MODULES = "YES";
				COPY_PHASE_STRIP = "NO";
				DEBUG_INFORMATION_FORMAT = "dwarf";
				ENABLE_TESTABILITY = "YES";
				GCC_DYNAMIC_NO_PIC = "NO";
				GCC_OPTIMIZATION_LEVEL = "0";
				MACOSX_DEPLOYMENT_TARGET = "13.0";
				ONLY_ACTIVE_ARCH = "YES";
				SDKROOT = "macosx";
				SWIFT_ACTIVE_COMPILATION_CONDITIONS = "DEBUG $(inherited)";
				SWIFT_OPTIMIZATION_LEVEL = "-Onone";
			};
			name = Debug;
		};
		5EA6F80824F348719693AABF /* Release */ = {
			isa = XCBuildConfiguration;
			buildSettings = {
				ALWAYS_SEARCH_USER_PATHS = "NO";
				CLANG_ENABLE_MODULES = "YES";
				COPY_PHASE_STRIP = "NO";
				DEBUG_INFORMATION_FORMAT = "dwarf-with-dsym";
				MACOSX_DEPLOYMENT_TARGET = "13.0";
				SDKROOT = "macosx";
				SWIFT_COMPILATION_MODE = "wholemodule";
			};
			name = Release;
		};
		60AFD1E5F3144494932D1C10 /* Debug */ = {
			isa = XCBuildConfiguration;
			buildSettings = {
				ASSETCATALOG_COMPILER_APPICON_NAME = "AppIcon";
				CODE_SIGN_STYLE = "Automatic";
				COMBINE_HIDPI_IMAGES = "YES";
				CURRENT_PROJECT_VERSION = "1";
				ENABLE_PREVIEWS = "YES";
				GENERATE_INFOPLIST_FILE = "NO";
				INFOPLIST_FILE = "MenuBarCalendar/Info.plist";
				LD_RUNPATH_SEARCH_PATHS = "$(inherited) @executable_path/../Frameworks";
				MARKETING_VERSION = "0.0.1";
				PRODUCT_BUNDLE_IDENTIFIER = "com.junhey.MenuBarCalendar";
				PRODUCT_NAME = "$(TARGET_NAME)";
				SWIFT_EMIT_LOC_STRINGS = "YES";
				SWIFT_VERSION = "5.9";
				CODE_SIGN_IDENTITY = "-";
			};
			name = Debug;
		};
		1F639D80653743ABB50CB780 /* Release */ = {
			isa = XCBuildConfiguration;
			buildSettings = {
				ASSETCATALOG_COMPILER_APPICON_NAME = "AppIcon";
				CODE_SIGN_STYLE = "Automatic";
				COMBINE_HIDPI_IMAGES = "YES";
				CURRENT_PROJECT_VERSION = "1";
				ENABLE_PREVIEWS = "YES";
				GENERATE_INFOPLIST_FILE = "NO";
				INFOPLIST_FILE = "MenuBarCalendar/Info.plist";
				LD_RUNPATH_SEARCH_PATHS = "$(inherited) @executable_path/../Frameworks";
				MARKETING_VERSION = "0.0.1";
				PRODUCT_BUNDLE_IDENTIFIER = "com.junhey.MenuBarCalendar";
				PRODUCT_NAME = "$(TARGET_NAME)";
				SWIFT_EMIT_LOC_STRINGS = "YES";
				SWIFT_VERSION = "5.9";
			};
			name = Release;
		};
		25A8EFA278AB4E028D83FCC6 /* Debug */ = {
			isa = XCBuildConfiguration;
			buildSettings = {
				BUNDLE_LOADER = "$(TEST_HOST)";
				CODE_SIGN_STYLE = "Automatic";
				CURRENT_PROJECT_VERSION = "1";
				GENERATE_INFOPLIST_FILE = "YES";
				MACOSX_DEPLOYMENT_TARGET = "13.0";
				MARKETING_VERSION = "0.0.1";
				PRODUCT_BUNDLE_IDENTIFIER = "com.junhey.MenuBarCalendarTests";
				PRODUCT_NAME = "$(TARGET_NAME)";
				SWIFT_VERSION = "5.9";
				TEST_HOST = "$(BUILT_PRODUCTS_DIR)/MenuBarCalendar.app/$(BUNDLE_EXECUTABLE_FOLDER_PATH)/MenuBarCalendar";
			};
			name = Debug;
		};
		92A0DBE1461E44BC863FEED8 /* Release */ = {
			isa = XCBuildConfiguration;
			buildSettings = {
				BUNDLE_LOADER = "$(TEST_HOST)";
				CODE_SIGN_STYLE = "Automatic";
				CURRENT_PROJECT_VERSION = "1";
				GENERATE_INFOPLIST_FILE = "YES";
				MACOSX_DEPLOYMENT_TARGET = "13.0";
				MARKETING_VERSION = "0.0.1";
				PRODUCT_BUNDLE_IDENTIFIER = "com.junhey.MenuBarCalendarTests";
				PRODUCT_NAME = "$(TARGET_NAME)";
				SWIFT_VERSION = "5.9";
				TEST_HOST = "$(BUILT_PRODUCTS_DIR)/MenuBarCalendar.app/$(BUNDLE_EXECUTABLE_FOLDER_PATH)/MenuBarCalendar";
			};
			name = Release;
		};
/* End XCBuildConfiguration section */

/* Begin XCConfigurationList section */
		017D3199D2A149F5946EC803 /* Build configuration list for PBXProject "Project" */ = {
			isa = XCConfigurationList;
			buildConfigurations = (
				CC32E8A988414FE3A3E7BED6 /* Debug */,
				5EA6F80824F348719693AABF /* Release */,
			);
			defaultConfigurationIsVisible = 0;
			defaultConfigurationName = Release;
		};
		B886BF0B161B49329634509B /* Build configuration list for PBXProject "MenuBarCalendar" */ = {
			isa = XCConfigurationList;
			buildConfigurations = (
				60AFD1E5F3144494932D1C10 /* Debug */,
				1F639D80653743ABB50CB780 /* Release */,
			);
			defaultConfigurationIsVisible = 0;
			defaultConfigurationName = Release;
		};
		C845CDFB142047F795E9F3BB /* Build configuration list for PBXProject "MenuBarCalendarTests" */ = {
			isa = XCConfigurationList;
			buildConfigurations = (
				25A8EFA278AB4E028D83FCC6 /* Debug */,
				92A0DBE1461E44BC863FEED8 /* Release */,
			);
			defaultConfigurationIsVisible = 0;
			defaultConfigurationName = Release;
		};
/* End XCConfigurationList section */
	};
	rootObject = 0B0EEA1D1D5A40918B652124 /* Project object */;
}
