// !$*UTF8*$!
{
	archiveVersion = 1;
	classes = {
	};
	objectVersion = 56;
	objects = {

/* Begin PBXBuildFile section */
		5A7E55392F51478B9EF397A8 /* MenuBarCalendarApp.swift in Sources */ = {isa = PBXBuildFile; fileRef = BF0D66E13B724567980DD084 /* MenuBarCalendarApp.swift */; };
		F9FD9DF70BF949678EBD2D3E /* AppTheme.swift in Sources */ = {isa = PBXBuildFile; fileRef = B0AB5B99C37E47FFB25C552F /* AppTheme.swift */; };
		EC179CC5688A43CBB859AC50 /* UserSettings.swift in Sources */ = {isa = PBXBuildFile; fileRef = 4AF774F1D29144F9943BC1ED /* UserSettings.swift */; };
		510CC690B73C4675B452CD78 /* CalendarModels.swift in Sources */ = {isa = PBXBuildFile; fileRef = A33672585BED450C901A574A /* CalendarModels.swift */; };
		DD193393EE8343068D799DEF /* CalendarEngine.swift in Sources */ = {isa = PBXBuildFile; fileRef = 9A6023B1EBAE4D80BC3D9E02 /* CalendarEngine.swift */; };
		42632D2F97174633808D0881 /* ClockService.swift in Sources */ = {isa = PBXBuildFile; fileRef = 750A21DB5BAD4688AECC8B74 /* ClockService.swift */; };
		0B0678DC350D4C4C8FD1CBAD /* LunarCalendarEngine.swift in Sources */ = {isa = PBXBuildFile; fileRef = 215AAC278CB8445EAB2032B9 /* LunarCalendarEngine.swift */; };
		B6465F4FE558405B938F922E /* MenuBarFormatter.swift in Sources */ = {isa = PBXBuildFile; fileRef = EF380E0979894B38AD3085FE /* MenuBarFormatter.swift */; };
		A1B2C3D4E5F6478990ABCDEF /* SettingsPresenter.swift in Sources */ = {isa = PBXBuildFile; fileRef = B2C3D4E5F6A7489901BCDEF0 /* SettingsPresenter.swift */; };
		062FA47B3E954BD293800640 /* SettingsView.swift in Sources */ = {isa = PBXBuildFile; fileRef = 1A91DC436162442FBF686E8B /* SettingsView.swift */; };
		0A2A3E136A8140B498B0EF9F /* CalendarPanelView.swift in Sources */ = {isa = PBXBuildFile; fileRef = 1077C6D7761C4404B47BED17 /* CalendarPanelView.swift */; };
		4F3339069CAC4C088261C176 /* CalendarPanelViewModel.swift in Sources */ = {isa = PBXBuildFile; fileRef = 3631C0FEC3904B8FAAF36570 /* CalendarPanelViewModel.swift */; };
		90E79804BF2C41B3BA516F69 /* LeftPanelView.swift in Sources */ = {isa = PBXBuildFile; fileRef = 0418E765B9134A5983C9651C /* LeftPanelView.swift */; };
		F8415C77DB5343DB9C073D5F /* MonthGridView.swift in Sources */ = {isa = PBXBuildFile; fileRef = 1FD4D0EDA7274B29B04B71D5 /* MonthGridView.swift */; };
		FA9243B7CD8F4380B41E00AB /* MenuBarLabelView.swift in Sources */ = {isa = PBXBuildFile; fileRef = 7CCA27C9D24C4EDB9EB4F5F0 /* MenuBarLabelView.swift */; };
		2CB68AB5F2A2499492392973 /* LunarCalendarEngineTests.swift in Sources */ = {isa = PBXBuildFile; fileRef = F29853A9F8D74428BAD5E7EB /* LunarCalendarEngineTests.swift */; };
		07BCB344DFF640F5AFE78BE6 /* Assets.xcassets in Resources */ = {isa = PBXBuildFile; fileRef = F7FF71C3F5324E38889E7939 /* Assets.xcassets */; };
/* End PBXBuildFile section */

/* Begin PBXContainerItemProxy section */
		D1F52C867A004CC99117A184 /* PBXContainerItemProxy */ = {
			isa = PBXContainerItemProxy;
			containerPortal = 6881A6D66DAB40D8A90FD028 /* Project object */;
			proxyType = 1;
			remoteGlobalIDString = 1C285CA20D3C4B62950115CC;
			remoteInfo = MenuBarCalendar;
		};
/* End PBXContainerItemProxy section */

/* Begin PBXFileReference section */
		181989EE36204844B1E1444B /* MenuBarCalendar.app */ = {isa = PBXFileReference; explicitFileType = wrapper.application; includeInIndex = 0; path = MenuBarCalendar.app; sourceTree = BUILT_PRODUCTS_DIR; };
		60AD2F304B6D44AB848A8380 /* MenuBarCalendarTests.xctest */ = {isa = PBXFileReference; explicitFileType = wrapper.cfbundle; includeInIndex = 0; path = MenuBarCalendarTests.xctest; sourceTree = BUILT_PRODUCTS_DIR; };
		F7FF71C3F5324E38889E7939 /* Assets.xcassets */ = {isa = PBXFileReference; lastKnownFileType = folder.assetcatalog; path = Assets.xcassets; sourceTree = "<group>"; };
		AB751C53856043D09A15CAE4 /* Info.plist */ = {isa = PBXFileReference; lastKnownFileType = text.plist.xml; path = Info.plist; sourceTree = "<group>"; };
		BF0D66E13B724567980DD084 /* MenuBarCalendarApp.swift */ = {isa = PBXFileReference; lastKnownFileType = sourcecode.swift; path = MenuBarCalendarApp.swift; sourceTree = "<group>"; };
		B0AB5B99C37E47FFB25C552F /* AppTheme.swift */ = {isa = PBXFileReference; lastKnownFileType = sourcecode.swift; path = UI/Components/AppTheme.swift; sourceTree = "<group>"; };
		4AF774F1D29144F9943BC1ED /* UserSettings.swift */ = {isa = PBXFileReference; lastKnownFileType = sourcecode.swift; path = Core/Settings/UserSettings.swift; sourceTree = "<group>"; };
		A33672585BED450C901A574A /* CalendarModels.swift */ = {isa = PBXFileReference; lastKnownFileType = sourcecode.swift; path = Core/Models/CalendarModels.swift; sourceTree = "<group>"; };
		9A6023B1EBAE4D80BC3D9E02 /* CalendarEngine.swift */ = {isa = PBXFileReference; lastKnownFileType = sourcecode.swift; path = Core/Services/CalendarEngine.swift; sourceTree = "<group>"; };
		750A21DB5BAD4688AECC8B74 /* ClockService.swift */ = {isa = PBXFileReference; lastKnownFileType = sourcecode.swift; path = Core/Services/ClockService.swift; sourceTree = "<group>"; };
		215AAC278CB8445EAB2032B9 /* LunarCalendarEngine.swift */ = {isa = PBXFileReference; lastKnownFileType = sourcecode.swift; path = Core/Services/LunarCalendarEngine.swift; sourceTree = "<group>"; };
		EF380E0979894B38AD3085FE /* MenuBarFormatter.swift */ = {isa = PBXFileReference; lastKnownFileType = sourcecode.swift; path = Core/Services/MenuBarFormatter.swift; sourceTree = "<group>"; };
		B2C3D4E5F6A7489901BCDEF0 /* SettingsPresenter.swift */ = {isa = PBXFileReference; lastKnownFileType = sourcecode.swift; path = Core/Services/SettingsPresenter.swift; sourceTree = "<group>"; };
		1A91DC436162442FBF686E8B /* SettingsView.swift */ = {isa = PBXFileReference; lastKnownFileType = sourcecode.swift; path = Features/Settings/SettingsView.swift; sourceTree = "<group>"; };
		1077C6D7761C4404B47BED17 /* CalendarPanelView.swift */ = {isa = PBXFileReference; lastKnownFileType = sourcecode.swift; path = Features/CalendarPanel/CalendarPanelView.swift; sourceTree = "<group>"; };
		3631C0FEC3904B8FAAF36570 /* CalendarPanelViewModel.swift */ = {isa = PBXFileReference; lastKnownFileType = sourcecode.swift; path = Features/CalendarPanel/CalendarPanelViewModel.swift; sourceTree = "<group>"; };
		0418E765B9134A5983C9651C /* LeftPanelView.swift */ = {isa = PBXFileReference; lastKnownFileType = sourcecode.swift; path = Features/CalendarPanel/LeftPanelView.swift; sourceTree = "<group>"; };
		1FD4D0EDA7274B29B04B71D5 /* MonthGridView.swift */ = {isa = PBXFileReference; lastKnownFileType = sourcecode.swift; path = Features/CalendarPanel/MonthGridView.swift; sourceTree = "<group>"; };
		7CCA27C9D24C4EDB9EB4F5F0 /* MenuBarLabelView.swift */ = {isa = PBXFileReference; lastKnownFileType = sourcecode.swift; path = Features/MenuBar/MenuBarLabelView.swift; sourceTree = "<group>"; };
		F29853A9F8D74428BAD5E7EB /* LunarCalendarEngineTests.swift */ = {isa = PBXFileReference; lastKnownFileType = sourcecode.swift; path = LunarCalendarEngineTests.swift; sourceTree = "<group>"; };
/* End PBXFileReference section */

/* Begin PBXFrameworksBuildPhase section */
		E9A67104B27A44E6A41061DD /* Frameworks */ = {
			isa = PBXFrameworksBuildPhase;
			buildActionMask = 2147483647;
			files = (
			);
			runOnlyForDeploymentPostprocessing = 0;
		};
		2255AE0206E14CFAA255156D /* Frameworks */ = {
			isa = PBXFrameworksBuildPhase;
			buildActionMask = 2147483647;
			files = (
			);
			runOnlyForDeploymentPostprocessing = 0;
		};
/* End PBXFrameworksBuildPhase section */

/* Begin PBXGroup section */
		F613419B7F6242E192F33D03 = {
			isa = PBXGroup;
			children = (
				F7FF71C3F5324E38889E7939 /* Assets.xcassets */,
				AB751C53856043D09A15CAE4 /* Info.plist */,
				A33672585BED450C901A574A /* CalendarModels.swift */,
				9A6023B1EBAE4D80BC3D9E02 /* CalendarEngine.swift */,
				750A21DB5BAD4688AECC8B74 /* ClockService.swift */,
				215AAC278CB8445EAB2032B9 /* LunarCalendarEngine.swift */,
				EF380E0979894B38AD3085FE /* MenuBarFormatter.swift */,
				B2C3D4E5F6A7489901BCDEF0 /* SettingsPresenter.swift */,
				4AF774F1D29144F9943BC1ED /* UserSettings.swift */,
				1077C6D7761C4404B47BED17 /* CalendarPanelView.swift */,
				3631C0FEC3904B8FAAF36570 /* CalendarPanelViewModel.swift */,
				0418E765B9134A5983C9651C /* LeftPanelView.swift */,
				1FD4D0EDA7274B29B04B71D5 /* MonthGridView.swift */,
				7CCA27C9D24C4EDB9EB4F5F0 /* MenuBarLabelView.swift */,
				1A91DC436162442FBF686E8B /* SettingsView.swift */,
				BF0D66E13B724567980DD084 /* MenuBarCalendarApp.swift */,
				B0AB5B99C37E47FFB25C552F /* AppTheme.swift */,
			);
			path = MenuBarCalendar;
			name = MenuBarCalendar;
			sourceTree = "<group>";
		};
		6C88D7C22E134771B9B831B8 = {
			isa = PBXGroup;
			children = (
				F29853A9F8D74428BAD5E7EB /* LunarCalendarEngineTests.swift */,
			);
			path = MenuBarCalendarTests;
			name = MenuBarCalendarTests;
			sourceTree = "<group>";
		};
		0A5B289BAD674A7F95C7E204 = {
			isa = PBXGroup;
			children = (
				181989EE36204844B1E1444B /* MenuBarCalendar.app */,
				60AD2F304B6D44AB848A8380 /* MenuBarCalendarTests.xctest */,
			);
			name = Products;
			sourceTree = "<group>";
		};
		7DDCE3D992344D1AACF3D4CD = {
			isa = PBXGroup;
			children = (
				F613419B7F6242E192F33D03 /* MenuBarCalendar */,
				6C88D7C22E134771B9B831B8 /* MenuBarCalendarTests */,
				0A5B289BAD674A7F95C7E204 /* Products */,
			);
			sourceTree = "<group>";
		};
/* End PBXGroup section */

/* Begin PBXNativeTarget section */
		1C285CA20D3C4B62950115CC /* MenuBarCalendar */ = {
			isa = PBXNativeTarget;
			buildConfigurationList = 16B04EC2E0D94D69A71FC135 /* Build configuration list for PBXNativeTarget "MenuBarCalendar" */;
			buildPhases = (
				D302C742609D43A8BB11AD6C /* Sources */,
				E9A67104B27A44E6A41061DD /* Frameworks */,
				A8A92CCDA7FB4D2E9EA51508 /* Resources */,
			);
			buildRules = (
			);
			dependencies = (
			);
			name = MenuBarCalendar;
			productName = MenuBarCalendar;
			productReference = 181989EE36204844B1E1444B /* MenuBarCalendar.app */;
			productType = "com.apple.product-type.application";
		};
		2ABA6F77CE0148718EAC2C2C /* MenuBarCalendarTests */ = {
			isa = PBXNativeTarget;
			buildConfigurationList = 7B945A84F0AC40D8B11AA25F /* Build configuration list for PBXNativeTarget "MenuBarCalendarTests" */;
			buildPhases = (
				62FD96208C6042D0A893F000 /* Sources */,
				2255AE0206E14CFAA255156D /* Frameworks */,
			);
			buildRules = (
			);
			dependencies = (
				114ACD08211C43EA95A12CE0 /* PBXTargetDependency */,
			);
			name = MenuBarCalendarTests;
			productName = MenuBarCalendarTests;
			productReference = 60AD2F304B6D44AB848A8380 /* MenuBarCalendarTests.xctest */;
			productType = "com.apple.product-type.bundle.unit-test";
		};
/* End PBXNativeTarget section */

/* Begin PBXProject section */
		6881A6D66DAB40D8A90FD028 /* Project object */ = {
			isa = PBXProject;
			attributes = {
				BuildIndependentTargetsInParallel = 1;
				LastSwiftUpdateCheck = 1640;
				LastUpgradeCheck = 1640;
				TargetAttributes = {
					1C285CA20D3C4B62950115CC = {
						CreatedOnToolsVersion = 16.4;
					};
					2ABA6F77CE0148718EAC2C2C = {
						CreatedOnToolsVersion = 16.4;
						TestTargetID = 1C285CA20D3C4B62950115CC;
					};
				};
			};
			buildConfigurationList = D8E972ED798441018AD114FF /* Build configuration list for PBXProject "MenuBarCalendar" */;
			compatibilityVersion = "Xcode 14.0";
			developmentRegion = "zh-Hans";
			hasScannedForEncodings = 0;
			knownRegions = (
				en,
				"zh-Hans",
				Base,
			);
			mainGroup = 7DDCE3D992344D1AACF3D4CD;
			productRefGroup = 0A5B289BAD674A7F95C7E204 /* Products */;
			projectDirPath = "";
			projectRoot = "";
			targets = (
				1C285CA20D3C4B62950115CC /* MenuBarCalendar */,
				2ABA6F77CE0148718EAC2C2C /* MenuBarCalendarTests */,
			);
		};
/* End PBXProject section */

/* Begin PBXResourcesBuildPhase section */
		A8A92CCDA7FB4D2E9EA51508 /* Resources */ = {
			isa = PBXResourcesBuildPhase;
			buildActionMask = 2147483647;
			files = (
				07BCB344DFF640F5AFE78BE6 /* Assets.xcassets in Resources */,
			);
			runOnlyForDeploymentPostprocessing = 0;
		};
/* End PBXResourcesBuildPhase section */

/* Begin PBXSourcesBuildPhase section */
		D302C742609D43A8BB11AD6C /* Sources */ = {
			isa = PBXSourcesBuildPhase;
			buildActionMask = 2147483647;
			files = (
				5A7E55392F51478B9EF397A8 /* MenuBarCalendarApp.swift in Sources */,
				F9FD9DF70BF949678EBD2D3E /* AppTheme.swift in Sources */,
				EC179CC5688A43CBB859AC50 /* UserSettings.swift in Sources */,
				510CC690B73C4675B452CD78 /* CalendarModels.swift in Sources */,
				DD193393EE8343068D799DEF /* CalendarEngine.swift in Sources */,
				42632D2F97174633808D0881 /* ClockService.swift in Sources */,
				0B0678DC350D4C4C8FD1CBAD /* LunarCalendarEngine.swift in Sources */,
				B6465F4FE558405B938F922E /* MenuBarFormatter.swift in Sources */,
				A1B2C3D4E5F6478990ABCDEF /* SettingsPresenter.swift in Sources */,
				062FA47B3E954BD293800640 /* SettingsView.swift in Sources */,
				0A2A3E136A8140B498B0EF9F /* CalendarPanelView.swift in Sources */,
				4F3339069CAC4C088261C176 /* CalendarPanelViewModel.swift in Sources */,
				90E79804BF2C41B3BA516F69 /* LeftPanelView.swift in Sources */,
				F8415C77DB5343DB9C073D5F /* MonthGridView.swift in Sources */,
				FA9243B7CD8F4380B41E00AB /* MenuBarLabelView.swift in Sources */,
			);
			runOnlyForDeploymentPostprocessing = 0;
		};
		62FD96208C6042D0A893F000 /* Sources */ = {
			isa = PBXSourcesBuildPhase;
			buildActionMask = 2147483647;
			files = (
				2CB68AB5F2A2499492392973 /* LunarCalendarEngineTests.swift in Sources */,
			);
			runOnlyForDeploymentPostprocessing = 0;
		};
/* End PBXSourcesBuildPhase section */

/* Begin PBXTargetDependency section */
		114ACD08211C43EA95A12CE0 /* PBXTargetDependency */ = {
			isa = PBXTargetDependency;
			target = 1C285CA20D3C4B62950115CC /* MenuBarCalendar */;
			targetProxy = D1F52C867A004CC99117A184 /* PBXContainerItemProxy */;
		};
/* End PBXTargetDependency section */

/* Begin XCBuildConfiguration section */
		43C72E929D514CA8AF695F32 /* Debug */ = {
			isa = XCBuildConfiguration;
			buildSettings = {
				ALWAYS_SEARCH_USER_PATHS = "NO";
				CLANG_ENABLE_MODULES = "YES";
				COPY_PHASE_STRIP = "NO";
				DEBUG_INFORMATION_FORMAT = "dwarf";
				ENABLE_TESTABILITY = "YES";
				GCC_DYNAMIC_NO_PIC = "NO";
				GCC_OPTIMIZATION_LEVEL = "0";
				MACOSX_DEPLOYMENT_TARGET = "13.0";
				ONLY_ACTIVE_ARCH = "YES";
				SDKROOT = "macosx";
				SWIFT_ACTIVE_COMPILATION_CONDITIONS = "DEBUG $(inherited)";
				SWIFT_OPTIMIZATION_LEVEL = "-Onone";
			};
			name = Debug;
		};
		A66B43DBAC074727B3A11A9C /* Release */ = {
			isa = XCBuildConfiguration;
			buildSettings = {
				ALWAYS_SEARCH_USER_PATHS = "NO";
				CLANG_ENABLE_MODULES = "YES";
				COPY_PHASE_STRIP = "NO";
				DEBUG_INFORMATION_FORMAT = "dwarf-with-dsym";
				MACOSX_DEPLOYMENT_TARGET = "13.0";
				SDKROOT = "macosx";
				SWIFT_COMPILATION_MODE = "wholemodule";
			};
			name = Release;
		};
		1A2052D365A94ACCA5389E7E /* Debug */ = {
			isa = XCBuildConfiguration;
			buildSettings = {
				ASSETCATALOG_COMPILER_APPICON_NAME = "AppIcon";
				CODE_SIGN_STYLE = "Automatic";
				COMBINE_HIDPI_IMAGES = "YES";
				CURRENT_PROJECT_VERSION = "1";
				ENABLE_PREVIEWS = "YES";
				GENERATE_INFOPLIST_FILE = "NO";
				INFOPLIST_FILE = "MenuBarCalendar/Info.plist";
				LD_RUNPATH_SEARCH_PATHS = "$(inherited) @executable_path/../Frameworks";
				MARKETING_VERSION = "1.0.0";
				PRODUCT_BUNDLE_IDENTIFIER = "com.junhey.MenuBarCalendar";
				PRODUCT_NAME = "$(TARGET_NAME)";
				SWIFT_EMIT_LOC_STRINGS = "YES";
				SWIFT_VERSION = "5.9";
				CODE_SIGN_IDENTITY = "-";
			};
			name = Debug;
		};
		08238ED1813D4A6ABB562DBD /* Release */ = {
			isa = XCBuildConfiguration;
			buildSettings = {
				ASSETCATALOG_COMPILER_APPICON_NAME = "AppIcon";
				CODE_SIGN_STYLE = "Automatic";
				COMBINE_HIDPI_IMAGES = "YES";
				CURRENT_PROJECT_VERSION = "1";
				ENABLE_PREVIEWS = "YES";
				GENERATE_INFOPLIST_FILE = "NO";
				INFOPLIST_FILE = "MenuBarCalendar/Info.plist";
				LD_RUNPATH_SEARCH_PATHS = "$(inherited) @executable_path/../Frameworks";
				MARKETING_VERSION = "1.0.0";
				PRODUCT_BUNDLE_IDENTIFIER = "com.junhey.MenuBarCalendar";
				PRODUCT_NAME = "$(TARGET_NAME)";
				SWIFT_EMIT_LOC_STRINGS = "YES";
				SWIFT_VERSION = "5.9";
			};
			name = Release;
		};
		29157854CF704FFF8D04109A /* Debug */ = {
			isa = XCBuildConfiguration;
			buildSettings = {
				BUNDLE_LOADER = "$(TEST_HOST)";
				CODE_SIGN_STYLE = "Automatic";
				CURRENT_PROJECT_VERSION = "1";
				GENERATE_INFOPLIST_FILE = "YES";
				MACOSX_DEPLOYMENT_TARGET = "13.0";
				MARKETING_VERSION = "1.0.0";
				PRODUCT_BUNDLE_IDENTIFIER = "com.junhey.MenuBarCalendarTests";
				PRODUCT_NAME = "$(TARGET_NAME)";
				SWIFT_VERSION = "5.9";
				TEST_HOST = "$(BUILT_PRODUCTS_DIR)/MenuBarCalendar.app/$(BUNDLE_EXECUTABLE_FOLDER_PATH)/MenuBarCalendar";
			};
			name = Debug;
		};
		3856DF15FC0D4C449E540661 /* Release */ = {
			isa = XCBuildConfiguration;
			buildSettings = {
				BUNDLE_LOADER = "$(TEST_HOST)";
				CODE_SIGN_STYLE = "Automatic";
				CURRENT_PROJECT_VERSION = "1";
				GENERATE_INFOPLIST_FILE = "YES";
				MACOSX_DEPLOYMENT_TARGET = "13.0";
				MARKETING_VERSION = "1.0.0";
				PRODUCT_BUNDLE_IDENTIFIER = "com.junhey.MenuBarCalendarTests";
				PRODUCT_NAME = "$(TARGET_NAME)";
				SWIFT_VERSION = "5.9";
				TEST_HOST = "$(BUILT_PRODUCTS_DIR)/MenuBarCalendar.app/$(BUNDLE_EXECUTABLE_FOLDER_PATH)/MenuBarCalendar";
			};
			name = Release;
		};
/* End XCBuildConfiguration section */

/* Begin XCConfigurationList section */
		D8E972ED798441018AD114FF /* Build configuration list for PBXProject "Project" */ = {
			isa = XCConfigurationList;
			buildConfigurations = (
				43C72E929D514CA8AF695F32 /* Debug */,
				A66B43DBAC074727B3A11A9C /* Release */,
			);
			defaultConfigurationIsVisible = 0;
			defaultConfigurationName = Release;
		};
		16B04EC2E0D94D69A71FC135 /* Build configuration list for PBXProject "MenuBarCalendar" */ = {
			isa = XCConfigurationList;
			buildConfigurations = (
				1A2052D365A94ACCA5389E7E /* Debug */,
				08238ED1813D4A6ABB562DBD /* Release */,
			);
			defaultConfigurationIsVisible = 0;
			defaultConfigurationName = Release;
		};
		7B945A84F0AC40D8B11AA25F /* Build configuration list for PBXProject "MenuBarCalendarTests" */ = {
			isa = XCConfigurationList;
			buildConfigurations = (
				29157854CF704FFF8D04109A /* Debug */,
				3856DF15FC0D4C449E540661 /* Release */,
			);
			defaultConfigurationIsVisible = 0;
			defaultConfigurationName = Release;
		};
/* End XCConfigurationList section */
	};
	rootObject = 6881A6D66DAB40D8A90FD028 /* Project object */;
}
