// !$*UTF8*$!
{
	archiveVersion = 1;
	classes = {
	};
	objectVersion = 56;
	objects = {

/* Begin PBXBuildFile section */
		AE606BFBB18A4AA49D18CF65 /* MenuBarCalendarApp.swift in Sources */ = {isa = PBXBuildFile; fileRef = 07BF97FB348948F7833C154A /* MenuBarCalendarApp.swift */; };
		18B6CB6A60CB473995D23D13 /* AppTheme.swift in Sources */ = {isa = PBXBuildFile; fileRef = 6E62BFA650224ED2807867DD /* AppTheme.swift */; };
		9BAFBA2CF3AA462C94779DB2 /* UserSettings.swift in Sources */ = {isa = PBXBuildFile; fileRef = 6F228E0420C64F59968024CC /* UserSettings.swift */; };
		12D2AC33EF294E3EB36C46C7 /* CalendarModels.swift in Sources */ = {isa = PBXBuildFile; fileRef = ADB1444B52FD49328D8AA8CA /* CalendarModels.swift */; };
		1FA39B11136F4E1FAA678650 /* CalendarEngine.swift in Sources */ = {isa = PBXBuildFile; fileRef = B1622A078B904E7FACDF0735 /* CalendarEngine.swift */; };
		41954E2086AD4907BE2FFB1B /* ClockService.swift in Sources */ = {isa = PBXBuildFile; fileRef = 3AED35A73BE5492598B7E07B /* ClockService.swift */; };
		7A4A0D600F90432EA889A6CA /* LunarCalendarEngine.swift in Sources */ = {isa = PBXBuildFile; fileRef = 6B7E9DCC8A9644DC94F46509 /* LunarCalendarEngine.swift */; };
		573A11BCD62B49159E33298A /* MenuBarFormatter.swift in Sources */ = {isa = PBXBuildFile; fileRef = 1AAD7D561BF341BD8A047BAD /* MenuBarFormatter.swift */; };
		9919E20DA84F46CF8F5E789B /* SettingsPresenter.swift in Sources */ = {isa = PBXBuildFile; fileRef = 76E3941DEA7E4B799CC61F03 /* SettingsPresenter.swift */; };
		8DA9AFD7D0DD48F5A6007AF6 /* VoiceAnnouncementService.swift in Sources */ = {isa = PBXBuildFile; fileRef = 2DF25FE0832B4DFDA0486046 /* VoiceAnnouncementService.swift */; };
		1218D3BAA5AD4DB4ABB75CA0 /* SettingsView.swift in Sources */ = {isa = PBXBuildFile; fileRef = 4A5118C59FB74F2DAB0D3220 /* SettingsView.swift */; };
		2B3469B937A64E6BAF9EC736 /* CalendarPanelView.swift in Sources */ = {isa = PBXBuildFile; fileRef = 55EE797E291A4D50A4B13880 /* CalendarPanelView.swift */; };
		303F545DFBC8495C89BF4BEA /* CalendarPanelViewModel.swift in Sources */ = {isa = PBXBuildFile; fileRef = BD5F1D8E0BC44247A1C77FEF /* CalendarPanelViewModel.swift */; };
		5D407C37797F4EFB8D7573D5 /* LeftPanelView.swift in Sources */ = {isa = PBXBuildFile; fileRef = 714E8E4B02B24B7B8831DE73 /* LeftPanelView.swift */; };
		3B3D04862F284875A46F068B /* MonthGridView.swift in Sources */ = {isa = PBXBuildFile; fileRef = 95B4DCA68306405382792DBB /* MonthGridView.swift */; };
		7569295D9CEE4769BAE2917C /* MenuBarLabelView.swift in Sources */ = {isa = PBXBuildFile; fileRef = 0F77A0113A4A4F4091976D24 /* MenuBarLabelView.swift */; };
		16DC3C42F1834106899ED64F /* LunarCalendarEngineTests.swift in Sources */ = {isa = PBXBuildFile; fileRef = 34110F42DB8D4D958CF867F0 /* LunarCalendarEngineTests.swift */; };
		611C57131DA64726BFE4934C /* Assets.xcassets in Resources */ = {isa = PBXBuildFile; fileRef = 456A131881F8439CAE8D7C4A /* Assets.xcassets */; };
/* End PBXBuildFile section */

/* Begin PBXContainerItemProxy section */
		F184E498CA54409EAEDB3DD6 /* PBXContainerItemProxy */ = {
			isa = PBXContainerItemProxy;
			containerPortal = B9FAFB68720346D687A59553 /* Project object */;
			proxyType = 1;
			remoteGlobalIDString = 5214F57146B2404C8C2E9B62;
			remoteInfo = MenuBarCalendar;
		};
/* End PBXContainerItemProxy section */

/* Begin PBXFileReference section */
		508DF4593EBC456EAC7C1E64 /* MenuBarCalendar.app */ = {isa = PBXFileReference; explicitFileType = wrapper.application; includeInIndex = 0; path = MenuBarCalendar.app; sourceTree = BUILT_PRODUCTS_DIR; };
		7BFC7F6A0388403B9B109207 /* MenuBarCalendarTests.xctest */ = {isa = PBXFileReference; explicitFileType = wrapper.cfbundle; includeInIndex = 0; path = MenuBarCalendarTests.xctest; sourceTree = BUILT_PRODUCTS_DIR; };
		456A131881F8439CAE8D7C4A /* Assets.xcassets */ = {isa = PBXFileReference; lastKnownFileType = folder.assetcatalog; path = Assets.xcassets; sourceTree = "<group>"; };
		C8B84AD0A4504FED9B338F31 /* Info.plist */ = {isa = PBXFileReference; lastKnownFileType = text.plist.xml; path = Info.plist; sourceTree = "<group>"; };
		07BF97FB348948F7833C154A /* MenuBarCalendarApp.swift */ = {isa = PBXFileReference; lastKnownFileType = sourcecode.swift; path = MenuBarCalendarApp.swift; sourceTree = "<group>"; };
		6E62BFA650224ED2807867DD /* AppTheme.swift */ = {isa = PBXFileReference; lastKnownFileType = sourcecode.swift; path = UI/Components/AppTheme.swift; sourceTree = "<group>"; };
		6F228E0420C64F59968024CC /* UserSettings.swift */ = {isa = PBXFileReference; lastKnownFileType = sourcecode.swift; path = Core/Settings/UserSettings.swift; sourceTree = "<group>"; };
		ADB1444B52FD49328D8AA8CA /* CalendarModels.swift */ = {isa = PBXFileReference; lastKnownFileType = sourcecode.swift; path = Core/Models/CalendarModels.swift; sourceTree = "<group>"; };
		B1622A078B904E7FACDF0735 /* CalendarEngine.swift */ = {isa = PBXFileReference; lastKnownFileType = sourcecode.swift; path = Core/Services/CalendarEngine.swift; sourceTree = "<group>"; };
		3AED35A73BE5492598B7E07B /* ClockService.swift */ = {isa = PBXFileReference; lastKnownFileType = sourcecode.swift; path = Core/Services/ClockService.swift; sourceTree = "<group>"; };
		6B7E9DCC8A9644DC94F46509 /* LunarCalendarEngine.swift */ = {isa = PBXFileReference; lastKnownFileType = sourcecode.swift; path = Core/Services/LunarCalendarEngine.swift; sourceTree = "<group>"; };
		1AAD7D561BF341BD8A047BAD /* MenuBarFormatter.swift */ = {isa = PBXFileReference; lastKnownFileType = sourcecode.swift; path = Core/Services/MenuBarFormatter.swift; sourceTree = "<group>"; };
		76E3941DEA7E4B799CC61F03 /* SettingsPresenter.swift */ = {isa = PBXFileReference; lastKnownFileType = sourcecode.swift; path = Core/Services/SettingsPresenter.swift; sourceTree = "<group>"; };
		2DF25FE0832B4DFDA0486046 /* VoiceAnnouncementService.swift */ = {isa = PBXFileReference; lastKnownFileType = sourcecode.swift; path = Core/Services/VoiceAnnouncementService.swift; sourceTree = "<group>"; };
		4A5118C59FB74F2DAB0D3220 /* SettingsView.swift */ = {isa = PBXFileReference; lastKnownFileType = sourcecode.swift; path = Features/Settings/SettingsView.swift; sourceTree = "<group>"; };
		55EE797E291A4D50A4B13880 /* CalendarPanelView.swift */ = {isa = PBXFileReference; lastKnownFileType = sourcecode.swift; path = Features/CalendarPanel/CalendarPanelView.swift; sourceTree = "<group>"; };
		BD5F1D8E0BC44247A1C77FEF /* CalendarPanelViewModel.swift */ = {isa = PBXFileReference; lastKnownFileType = sourcecode.swift; path = Features/CalendarPanel/CalendarPanelViewModel.swift; sourceTree = "<group>"; };
		714E8E4B02B24B7B8831DE73 /* LeftPanelView.swift */ = {isa = PBXFileReference; lastKnownFileType = sourcecode.swift; path = Features/CalendarPanel/LeftPanelView.swift; sourceTree = "<group>"; };
		95B4DCA68306405382792DBB /* MonthGridView.swift */ = {isa = PBXFileReference; lastKnownFileType = sourcecode.swift; path = Features/CalendarPanel/MonthGridView.swift; sourceTree = "<group>"; };
		0F77A0113A4A4F4091976D24 /* MenuBarLabelView.swift */ = {isa = PBXFileReference; lastKnownFileType = sourcecode.swift; path = Features/MenuBar/MenuBarLabelView.swift; sourceTree = "<group>"; };
		34110F42DB8D4D958CF867F0 /* LunarCalendarEngineTests.swift */ = {isa = PBXFileReference; lastKnownFileType = sourcecode.swift; path = LunarCalendarEngineTests.swift; sourceTree = "<group>"; };
/* End PBXFileReference section */

/* Begin PBXFrameworksBuildPhase section */
		BEEE529739F345E2A5C5B492 /* Frameworks */ = {
			isa = PBXFrameworksBuildPhase;
			buildActionMask = 2147483647;
			files = (
			);
			runOnlyForDeploymentPostprocessing = 0;
		};
		85DC3F6CC72041E7AD17311F /* Frameworks */ = {
			isa = PBXFrameworksBuildPhase;
			buildActionMask = 2147483647;
			files = (
			);
			runOnlyForDeploymentPostprocessing = 0;
		};
/* End PBXFrameworksBuildPhase section */

/* Begin PBXGroup section */
		01D94869DB6F4BE0A494CA53 = {
			isa = PBXGroup;
			children = (
				456A131881F8439CAE8D7C4A /* Assets.xcassets */,
				C8B84AD0A4504FED9B338F31 /* Info.plist */,
				ADB1444B52FD49328D8AA8CA /* CalendarModels.swift */,
				B1622A078B904E7FACDF0735 /* CalendarEngine.swift */,
				3AED35A73BE5492598B7E07B /* ClockService.swift */,
				6B7E9DCC8A9644DC94F46509 /* LunarCalendarEngine.swift */,
				1AAD7D561BF341BD8A047BAD /* MenuBarFormatter.swift */,
				76E3941DEA7E4B799CC61F03 /* SettingsPresenter.swift */,
				2DF25FE0832B4DFDA0486046 /* VoiceAnnouncementService.swift */,
				6F228E0420C64F59968024CC /* UserSettings.swift */,
				55EE797E291A4D50A4B13880 /* CalendarPanelView.swift */,
				BD5F1D8E0BC44247A1C77FEF /* CalendarPanelViewModel.swift */,
				714E8E4B02B24B7B8831DE73 /* LeftPanelView.swift */,
				95B4DCA68306405382792DBB /* MonthGridView.swift */,
				0F77A0113A4A4F4091976D24 /* MenuBarLabelView.swift */,
				4A5118C59FB74F2DAB0D3220 /* SettingsView.swift */,
				07BF97FB348948F7833C154A /* MenuBarCalendarApp.swift */,
				6E62BFA650224ED2807867DD /* AppTheme.swift */,
			);
			path = MenuBarCalendar;
			name = MenuBarCalendar;
			sourceTree = "<group>";
		};
		E33CB74791E64173A2D7054E = {
			isa = PBXGroup;
			children = (
				34110F42DB8D4D958CF867F0 /* LunarCalendarEngineTests.swift */,
			);
			path = MenuBarCalendarTests;
			name = MenuBarCalendarTests;
			sourceTree = "<group>";
		};
		8781692B56F244CCA9393D67 = {
			isa = PBXGroup;
			children = (
				508DF4593EBC456EAC7C1E64 /* MenuBarCalendar.app */,
				7BFC7F6A0388403B9B109207 /* MenuBarCalendarTests.xctest */,
			);
			name = Products;
			sourceTree = "<group>";
		};
		2DE2117CC77044E787FC2CEA = {
			isa = PBXGroup;
			children = (
				01D94869DB6F4BE0A494CA53 /* MenuBarCalendar */,
				E33CB74791E64173A2D7054E /* MenuBarCalendarTests */,
				8781692B56F244CCA9393D67 /* Products */,
			);
			sourceTree = "<group>";
		};
/* End PBXGroup section */

/* Begin PBXNativeTarget section */
		5214F57146B2404C8C2E9B62 /* MenuBarCalendar */ = {
			isa = PBXNativeTarget;
			buildConfigurationList = 9EE0C684C5F74BC6A3A1D7A5 /* Build configuration list for PBXNativeTarget "MenuBarCalendar" */;
			buildPhases = (
				13A043CBFEF54BBAA3B49714 /* Sources */,
				BEEE529739F345E2A5C5B492 /* Frameworks */,
				A7924EDDB27C44C1B898C280 /* Resources */,
			);
			buildRules = (
			);
			dependencies = (
			);
			name = MenuBarCalendar;
			productName = MenuBarCalendar;
			productReference = 508DF4593EBC456EAC7C1E64 /* MenuBarCalendar.app */;
			productType = "com.apple.product-type.application";
		};
		2899AF7CFC4149A0B50F5316 /* MenuBarCalendarTests */ = {
			isa = PBXNativeTarget;
			buildConfigurationList = A6A0A7635C3D4622A07ED76A /* Build configuration list for PBXNativeTarget "MenuBarCalendarTests" */;
			buildPhases = (
				53050744D8284643A9839C3F /* Sources */,
				85DC3F6CC72041E7AD17311F /* Frameworks */,
			);
			buildRules = (
			);
			dependencies = (
				798A56951AA943C79F535516 /* PBXTargetDependency */,
			);
			name = MenuBarCalendarTests;
			productName = MenuBarCalendarTests;
			productReference = 7BFC7F6A0388403B9B109207 /* MenuBarCalendarTests.xctest */;
			productType = "com.apple.product-type.bundle.unit-test";
		};
/* End PBXNativeTarget section */

/* Begin PBXProject section */
		B9FAFB68720346D687A59553 /* Project object */ = {
			isa = PBXProject;
			attributes = {
				BuildIndependentTargetsInParallel = 1;
				LastSwiftUpdateCheck = 1640;
				LastUpgradeCheck = 1640;
				TargetAttributes = {
					5214F57146B2404C8C2E9B62 = {
						CreatedOnToolsVersion = 16.4;
					};
					2899AF7CFC4149A0B50F5316 = {
						CreatedOnToolsVersion = 16.4;
						TestTargetID = 5214F57146B2404C8C2E9B62;
					};
				};
			};
			buildConfigurationList = 84813646E7D8498CAAD05FA1 /* Build configuration list for PBXProject "MenuBarCalendar" */;
			compatibilityVersion = "Xcode 14.0";
			developmentRegion = "zh-Hans";
			hasScannedForEncodings = 0;
			knownRegions = (
				en,
				"zh-Hans",
				Base,
			);
			mainGroup = 2DE2117CC77044E787FC2CEA;
			productRefGroup = 8781692B56F244CCA9393D67 /* Products */;
			projectDirPath = "";
			projectRoot = "";
			targets = (
				5214F57146B2404C8C2E9B62 /* MenuBarCalendar */,
				2899AF7CFC4149A0B50F5316 /* MenuBarCalendarTests */,
			);
		};
/* End PBXProject section */

/* Begin PBXResourcesBuildPhase section */
		A7924EDDB27C44C1B898C280 /* Resources */ = {
			isa = PBXResourcesBuildPhase;
			buildActionMask = 2147483647;
			files = (
				611C57131DA64726BFE4934C /* Assets.xcassets in Resources */,
			);
			runOnlyForDeploymentPostprocessing = 0;
		};
/* End PBXResourcesBuildPhase section */

/* Begin PBXSourcesBuildPhase section */
		13A043CBFEF54BBAA3B49714 /* Sources */ = {
			isa = PBXSourcesBuildPhase;
			buildActionMask = 2147483647;
			files = (
				AE606BFBB18A4AA49D18CF65 /* MenuBarCalendarApp.swift in Sources */,
				18B6CB6A60CB473995D23D13 /* AppTheme.swift in Sources */,
				9BAFBA2CF3AA462C94779DB2 /* UserSettings.swift in Sources */,
				12D2AC33EF294E3EB36C46C7 /* CalendarModels.swift in Sources */,
				1FA39B11136F4E1FAA678650 /* CalendarEngine.swift in Sources */,
				41954E2086AD4907BE2FFB1B /* ClockService.swift in Sources */,
				7A4A0D600F90432EA889A6CA /* LunarCalendarEngine.swift in Sources */,
				573A11BCD62B49159E33298A /* MenuBarFormatter.swift in Sources */,
				9919E20DA84F46CF8F5E789B /* SettingsPresenter.swift in Sources */,
				8DA9AFD7D0DD48F5A6007AF6 /* VoiceAnnouncementService.swift in Sources */,
				1218D3BAA5AD4DB4ABB75CA0 /* SettingsView.swift in Sources */,
				2B3469B937A64E6BAF9EC736 /* CalendarPanelView.swift in Sources */,
				303F545DFBC8495C89BF4BEA /* CalendarPanelViewModel.swift in Sources */,
				5D407C37797F4EFB8D7573D5 /* LeftPanelView.swift in Sources */,
				3B3D04862F284875A46F068B /* MonthGridView.swift in Sources */,
				7569295D9CEE4769BAE2917C /* MenuBarLabelView.swift in Sources */,
			);
			runOnlyForDeploymentPostprocessing = 0;
		};
		53050744D8284643A9839C3F /* Sources */ = {
			isa = PBXSourcesBuildPhase;
			buildActionMask = 2147483647;
			files = (
				16DC3C42F1834106899ED64F /* LunarCalendarEngineTests.swift in Sources */,
			);
			runOnlyForDeploymentPostprocessing = 0;
		};
/* End PBXSourcesBuildPhase section */

/* Begin PBXTargetDependency section */
		798A56951AA943C79F535516 /* PBXTargetDependency */ = {
			isa = PBXTargetDependency;
			target = 5214F57146B2404C8C2E9B62 /* MenuBarCalendar */;
			targetProxy = F184E498CA54409EAEDB3DD6 /* PBXContainerItemProxy */;
		};
/* End PBXTargetDependency section */

/* Begin XCBuildConfiguration section */
		E555A61F7875425992F1DAF3 /* Debug */ = {
			isa = XCBuildConfiguration;
			buildSettings = {
				ALWAYS_SEARCH_USER_PATHS = "NO";
				CLANG_ENABLE_MODULES = "YES";
				COPY_PHASE_STRIP = "NO";
				DEBUG_INFORMATION_FORMAT = "dwarf";
				ENABLE_TESTABILITY = "YES";
				GCC_DYNAMIC_NO_PIC = "NO";
				GCC_OPTIMIZATION_LEVEL = "0";
				MACOSX_DEPLOYMENT_TARGET = "13.0";
				ONLY_ACTIVE_ARCH = "YES";
				SDKROOT = "macosx";
				SWIFT_ACTIVE_COMPILATION_CONDITIONS = "DEBUG $(inherited)";
				SWIFT_OPTIMIZATION_LEVEL = "-Onone";
			};
			name = Debug;
		};
		F07DF3B73F284E5BA2F8239C /* Release */ = {
			isa = XCBuildConfiguration;
			buildSettings = {
				ALWAYS_SEARCH_USER_PATHS = "NO";
				CLANG_ENABLE_MODULES = "YES";
				COPY_PHASE_STRIP = "NO";
				DEBUG_INFORMATION_FORMAT = "dwarf-with-dsym";
				MACOSX_DEPLOYMENT_TARGET = "13.0";
				SDKROOT = "macosx";
				SWIFT_COMPILATION_MODE = "wholemodule";
			};
			name = Release;
		};
		17F843966F684958991C90C5 /* Debug */ = {
			isa = XCBuildConfiguration;
			buildSettings = {
				ASSETCATALOG_COMPILER_APPICON_NAME = "AppIcon";
				CODE_SIGN_STYLE = "Automatic";
				COMBINE_HIDPI_IMAGES = "YES";
				CURRENT_PROJECT_VERSION = "2";
				ENABLE_PREVIEWS = "YES";
				GENERATE_INFOPLIST_FILE = "NO";
				INFOPLIST_FILE = "MenuBarCalendar/Info.plist";
				LD_RUNPATH_SEARCH_PATHS = "$(inherited) @executable_path/../Frameworks";
				MARKETING_VERSION = "0.0.2";
				PRODUCT_BUNDLE_IDENTIFIER = "com.junhey.MenuBarCalendar";
				PRODUCT_NAME = "$(TARGET_NAME)";
				SWIFT_EMIT_LOC_STRINGS = "YES";
				SWIFT_VERSION = "5.9";
				CODE_SIGN_IDENTITY = "-";
			};
			name = Debug;
		};
		FB980590507648069C07E5D1 /* Release */ = {
			isa = XCBuildConfiguration;
			buildSettings = {
				ASSETCATALOG_COMPILER_APPICON_NAME = "AppIcon";
				CODE_SIGN_STYLE = "Automatic";
				COMBINE_HIDPI_IMAGES = "YES";
				CURRENT_PROJECT_VERSION = "2";
				ENABLE_PREVIEWS = "YES";
				GENERATE_INFOPLIST_FILE = "NO";
				INFOPLIST_FILE = "MenuBarCalendar/Info.plist";
				LD_RUNPATH_SEARCH_PATHS = "$(inherited) @executable_path/../Frameworks";
				MARKETING_VERSION = "0.0.2";
				PRODUCT_BUNDLE_IDENTIFIER = "com.junhey.MenuBarCalendar";
				PRODUCT_NAME = "$(TARGET_NAME)";
				SWIFT_EMIT_LOC_STRINGS = "YES";
				SWIFT_VERSION = "5.9";
			};
			name = Release;
		};
		47785D39691B476CB89FF235 /* Debug */ = {
			isa = XCBuildConfiguration;
			buildSettings = {
				BUNDLE_LOADER = "$(TEST_HOST)";
				CODE_SIGN_STYLE = "Automatic";
				CURRENT_PROJECT_VERSION = "2";
				GENERATE_INFOPLIST_FILE = "YES";
				MACOSX_DEPLOYMENT_TARGET = "13.0";
				MARKETING_VERSION = "0.0.2";
				PRODUCT_BUNDLE_IDENTIFIER = "com.junhey.MenuBarCalendarTests";
				PRODUCT_NAME = "$(TARGET_NAME)";
				SWIFT_VERSION = "5.9";
				TEST_HOST = "$(BUILT_PRODUCTS_DIR)/MenuBarCalendar.app/$(BUNDLE_EXECUTABLE_FOLDER_PATH)/MenuBarCalendar";
			};
			name = Debug;
		};
		CC5A83A27A5A48BFB50E60A1 /* Release */ = {
			isa = XCBuildConfiguration;
			buildSettings = {
				BUNDLE_LOADER = "$(TEST_HOST)";
				CODE_SIGN_STYLE = "Automatic";
				CURRENT_PROJECT_VERSION = "2";
				GENERATE_INFOPLIST_FILE = "YES";
				MACOSX_DEPLOYMENT_TARGET = "13.0";
				MARKETING_VERSION = "0.0.2";
				PRODUCT_BUNDLE_IDENTIFIER = "com.junhey.MenuBarCalendarTests";
				PRODUCT_NAME = "$(TARGET_NAME)";
				SWIFT_VERSION = "5.9";
				TEST_HOST = "$(BUILT_PRODUCTS_DIR)/MenuBarCalendar.app/$(BUNDLE_EXECUTABLE_FOLDER_PATH)/MenuBarCalendar";
			};
			name = Release;
		};
/* End XCBuildConfiguration section */

/* Begin XCConfigurationList section */
		84813646E7D8498CAAD05FA1 /* Build configuration list for PBXProject "Project" */ = {
			isa = XCConfigurationList;
			buildConfigurations = (
				E555A61F7875425992F1DAF3 /* Debug */,
				F07DF3B73F284E5BA2F8239C /* Release */,
			);
			defaultConfigurationIsVisible = 0;
			defaultConfigurationName = Release;
		};
		9EE0C684C5F74BC6A3A1D7A5 /* Build configuration list for PBXProject "MenuBarCalendar" */ = {
			isa = XCConfigurationList;
			buildConfigurations = (
				17F843966F684958991C90C5 /* Debug */,
				FB980590507648069C07E5D1 /* Release */,
			);
			defaultConfigurationIsVisible = 0;
			defaultConfigurationName = Release;
		};
		A6A0A7635C3D4622A07ED76A /* Build configuration list for PBXProject "MenuBarCalendarTests" */ = {
			isa = XCConfigurationList;
			buildConfigurations = (
				47785D39691B476CB89FF235 /* Debug */,
				CC5A83A27A5A48BFB50E60A1 /* Release */,
			);
			defaultConfigurationIsVisible = 0;
			defaultConfigurationName = Release;
		};
/* End XCConfigurationList section */
	};
	rootObject = B9FAFB68720346D687A59553 /* Project object */;
}
